
Microsoft Visual Studio Solution File, Format Version 12.00
# Visual Studio Version 17
VisualStudioVersion = 17.11.35327.3
MinimumVisualStudioVersion = 10.0.40219.1
Project("{FAE04EC0-301F-11D3-BF4B-00C04F79EFBC}") = "CAAP2", "CAAP2\CAAP2.csproj", "{1999D76A-7E18-48E6-AC09-F69286DD526B}"
	ProjectSection(ProjectDependencies) = postProject
		{0CF61611-9BE0-4FD6-93B9-D6CDC1A85DD4} = {0CF61611-9BE0-4FD6-93B9-D6CDC1A85DD4}
		{ECC5F403-5B07-4D2D-93F9-1A8191F26EFB} = {ECC5F403-5B07-4D2D-93F9-1A8191F26EFB}
	EndProjectSection
EndProject
Project("{FAE04EC0-301F-11D3-BF4B-00C04F79EFBC}") = "CAAP2.Data", "CAAP2.Data\CAAP2.Data.csproj", "{ECC5F403-5B07-4D2D-93F9-1A8191F26EFB}"
EndProject
Project("{FAE04EC0-301F-11D3-BF4B-00C04F79EFBC}") = "CAAP2.Repository", "CAAP2.Repository\CAAP2.Repository.csproj", "{0CF61611-9BE0-4FD6-93B9-D6CDC1A85DD4}"
	ProjectSection(ProjectDependencies) = postProject
		{ECC5F403-5B07-4D2D-93F9-1A8191F26EFB} = {ECC5F403-5B07-4D2D-93F9-1A8191F26EFB}
	EndProjectSection
EndProject
Project("{FAE04EC0-301F-11D3-BF4B-00C04F79EFBC}") = "CAAP2.Business", "CAAP2.Business\CAAP2.Business.csproj", "{B989B614-A8CE-4448-A694-D02A9C60B49F}"
EndProject
Global
	GlobalSection(SolutionConfigurationPlatforms) = preSolution
		Debug|Any CPU = Debug|Any CPU
		Release|Any CPU = Release|Any CPU
	EndGlobalSection
	GlobalSection(ProjectConfigurationPlatforms) = postSolution
		{1999D76A-7E18-48E6-AC09-F69286DD526B}.Debug|Any CPU.ActiveCfg = Debug|Any CPU
		{1999D76A-7E18-48E6-AC09-F69286DD526B}.Debug|Any CPU.Build.0 = Debug|Any CPU
		{1999D76A-7E18-48E6-AC09-F69286DD526B}.Release|Any CPU.ActiveCfg = Release|Any CPU
		{1999D76A-7E18-48E6-AC09-F69286DD526B}.Release|Any CPU.Build.0 = Release|Any CPU
		{ECC5F403-5B07-4D2D-93F9-1A8191F26EFB}.Debug|Any CPU.ActiveCfg = Debug|Any CPU
		{ECC5F403-5B07-4D2D-93F9-1A8191F26EFB}.Debug|Any CPU.Build.0 = Debug|Any CPU
		{ECC5F403-5B07-4D2D-93F9-1A8191F26EFB}.Release|Any CPU.ActiveCfg = Release|Any CPU
		{ECC5F403-5B07-4D2D-93F9-1A8191F26EFB}.Release|Any CPU.Build.0 = Release|Any CPU
		{0CF61611-9BE0-4FD6-93B9-D6CDC1A85DD4}.Debug|Any CPU.ActiveCfg = Debug|Any CPU
		{0CF61611-9BE0-4FD6-93B9-D6CDC1A85DD4}.Debug|Any CPU.Build.0 = Debug|Any CPU
		{0CF61611-9BE0-4FD6-93B9-D6CDC1A85DD4}.Release|Any CPU.ActiveCfg = Release|Any CPU
		{0CF61611-9BE0-4FD6-93B9-D6CDC1A85DD4}.Release|Any CPU.Build.0 = Release|Any CPU
		{B989B614-A8CE-4448-A694-D02A9C60B49F}.Debug|Any CPU.ActiveCfg = Debug|Any CPU
		{B989B614-A8CE-4448-A694-D02A9C60B49F}.Debug|Any CPU.Build.0 = Debug|Any CPU
		{B989B614-A8CE-4448-A694-D02A9C60B49F}.Release|Any CPU.ActiveCfg = Release|Any CPU
		{B989B614-A8CE-4448-A694-D02A9C60B49F}.Release|Any CPU.Build.0 = Release|Any CPU
	EndGlobalSection
	GlobalSection(SolutionProperties) = preSolution
		HideSolutionNode = FALSE
	EndGlobalSection
	GlobalSection(ExtensibilityGlobals) = postSolution
		SolutionGuid = {BDB66F72-8F9E-4821-8082-F57B51126677}
	EndGlobalSection
EndGlobal
